
Microsoft Visual Studio Solution File, Format Version 12.00
# Visual Studio Version 17
VisualStudioVersion = 17.11.35327.3
MinimumVisualStudioVersion = 10.0.40219.1
Project("{FAE04EC0-301F-11D3-BF4B-00C04F79EFBC}") = "lab02", "lab02.csproj", "{B0E8D8D2-DDC0-4E7B-A434-1343E93CCCF9}"
EndProject
Global
	GlobalSection(SolutionConfigurationPlatforms) = preSolution
		Debug|Any CPU = Debug|Any CPU
		Release|Any CPU = Release|Any CPU
	EndGlobalSection
	GlobalSection(ProjectConfigurationPlatforms) = postSolution
		{B0E8D8D2-DDC0-4E7B-A434-1343E93CCCF9}.Debug|Any CPU.ActiveCfg = Debug|Any CPU
		{B0E8D8D2-DDC0-4E7B-A434-1343E93CCCF9}.Debug|Any CPU.Build.0 = Debug|Any CPU
		{B0E8D8D2-DDC0-4E7B-A434-1343E93CCCF9}.Release|Any CPU.ActiveCfg = Release|Any CPU
		{B0E8D8D2-DDC0-4E7B-A434-1343E93CCCF9}.Release|Any CPU.Build.0 = Release|Any CPU
	EndGlobalSection
	GlobalSection(SolutionProperties) = preSolution
		HideSolutionNode = FALSE
	EndGlobalSection
	GlobalSection(ExtensibilityGlobals) = postSolution
		SolutionGuid = {259B647A-EE0E-446C-861A-EF62DCEB5A9E}
	EndGlobalSection
EndGlobal
